
Microsoft Visual Studio Solution File, Format Version 12.00
# Visual Studio 15
VisualStudioVersion = 15.0.27004.2005
MinimumVisualStudioVersion = 10.0.40219.1
Project("{FAE04EC0-301F-11D3-BF4B-00C04F79EFBC}") = "CS408_PROJSTEP1_CLIENTSIDE2", "CS408_PROJSTEP1_CLIENTSIDE2\CS408_PROJSTEP1_CLIENTSIDE2.csproj", "{344758B4-8F0F-46EE-8CD0-C533C6B5FB1C}"
EndProject
Global
	GlobalSection(SolutionConfigurationPlatforms) = preSolution
		Debug|Any CPU = Debug|Any CPU
		Release|Any CPU = Release|Any CPU
	EndGlobalSection
	GlobalSection(ProjectConfigurationPlatforms) = postSolution
		{344758B4-8F0F-46EE-8CD0-C533C6B5FB1C}.Debug|Any CPU.ActiveCfg = Debug|Any CPU
		{344758B4-8F0F-46EE-8CD0-C533C6B5FB1C}.Debug|Any CPU.Build.0 = Debug|Any CPU
		{344758B4-8F0F-46EE-8CD0-C533C6B5FB1C}.Release|Any CPU.ActiveCfg = Release|Any CPU
		{344758B4-8F0F-46EE-8CD0-C533C6B5FB1C}.Release|Any CPU.Build.0 = Release|Any CPU
	EndGlobalSection
	GlobalSection(SolutionProperties) = preSolution
		HideSolutionNode = FALSE
	EndGlobalSection
	GlobalSection(ExtensibilityGlobals) = postSolution
		SolutionGuid = {7697ED45-334D-42BA-93D4-51C49AEC472C}
	EndGlobalSection
EndGlobal
