
Microsoft Visual Studio Solution File, Format Version 12.00
# Visual Studio 15
VisualStudioVersion = 15.0.27004.2005
MinimumVisualStudioVersion = 10.0.40219.1
Project("{FAE04EC0-301F-11D3-BF4B-00C04F79EFBC}") = "CS408_PROJ_STEP1_SERVERSIDE", "CS408_PROJ_STEP1_SERVERSIDE\CS408_PROJ_STEP1_SERVERSIDE.csproj", "{543018B2-EA78-49E5-B67F-569ABCBD04EE}"
EndProject
Global
	GlobalSection(SolutionConfigurationPlatforms) = preSolution
		Debug|Any CPU = Debug|Any CPU
		Release|Any CPU = Release|Any CPU
	EndGlobalSection
	GlobalSection(ProjectConfigurationPlatforms) = postSolution
		{543018B2-EA78-49E5-B67F-569ABCBD04EE}.Debug|Any CPU.ActiveCfg = Debug|Any CPU
		{543018B2-EA78-49E5-B67F-569ABCBD04EE}.Debug|Any CPU.Build.0 = Debug|Any CPU
		{543018B2-EA78-49E5-B67F-569ABCBD04EE}.Release|Any CPU.ActiveCfg = Release|Any CPU
		{543018B2-EA78-49E5-B67F-569ABCBD04EE}.Release|Any CPU.Build.0 = Release|Any CPU
	EndGlobalSection
	GlobalSection(SolutionProperties) = preSolution
		HideSolutionNode = FALSE
	EndGlobalSection
	GlobalSection(ExtensibilityGlobals) = postSolution
		SolutionGuid = {BAE89B01-DEC4-4A41-AD8D-B8FD1BEC0F5D}
	EndGlobalSection
EndGlobal
